
Microsoft Visual Studio Solution File, Format Version 12.00
# Visual Studio Version 17
VisualStudioVersion = 17.10.35122.118
MinimumVisualStudioVersion = 10.0.40219.1
Project("{FAE04EC0-301F-11D3-BF4B-00C04F79EFBC}") = "Demo2", "Demo2\Demo2.csproj", "{65FCD29B-0D72-46C2-A319-71850F8A349C}"
EndProject
Global
	GlobalSection(SolutionConfigurationPlatforms) = preSolution
		Debug|Any CPU = Debug|Any CPU
		Release|Any CPU = Release|Any CPU
	EndGlobalSection
	GlobalSection(ProjectConfigurationPlatforms) = postSolution
		{65FCD29B-0D72-46C2-A319-71850F8A349C}.Debug|Any CPU.ActiveCfg = Debug|Any CPU
		{65FCD29B-0D72-46C2-A319-71850F8A349C}.Debug|Any CPU.Build.0 = Debug|Any CPU
		{65FCD29B-0D72-46C2-A319-71850F8A349C}.Release|Any CPU.ActiveCfg = Release|Any CPU
		{65FCD29B-0D72-46C2-A319-71850F8A349C}.Release|Any CPU.Build.0 = Release|Any CPU
	EndGlobalSection
	GlobalSection(SolutionProperties) = preSolution
		HideSolutionNode = FALSE
	EndGlobalSection
	GlobalSection(ExtensibilityGlobals) = postSolution
		SolutionGuid = {80B3A40D-4F04-41C6-BDC2-68A2C7AEAC19}
	EndGlobalSection
EndGlobal
